// !$*UTF8*$!
{
	archiveVersion = 1;
	classes = {
	};
	objectVersion = 52;
	objects = {

/* Begin PBXBuildFile section */
		0D4B84FB971FF90E7D5728CE /* Pods_CTC.framework in Frameworks */ = {isa = PBXBuildFile; fileRef = 9A5F178E0D56A7109313F1D6 /* Pods_CTC.framework */; };
		1A2E9B8D2689EBC2005587FA /* FirebaseDataManager.swift in Sources */ = {isa = PBXBuildFile; fileRef = 1A2E9B8C2689EBC2005587FA /* FirebaseDataManager.swift */; };
		1A2E9B91268AA6A2005587FA /* PracticedHistory.swift in Sources */ = {isa = PBXBuildFile; fileRef = 1A2E9B90268AA6A2005587FA /* PracticedHistory.swift */; };
		1A2E9B9A268F4150005587FA /* GoogleService-Info.plist in Resources */ = {isa = PBXBuildFile; fileRef = 1A2E9B99268F4150005587FA /* GoogleService-Info.plist */; };
		1A3FA2402669FC92003A96A4 /* CurrentUser.swift in Sources */ = {isa = PBXBuildFile; fileRef = 1A3FA23F2669FC91003A96A4 /* CurrentUser.swift */; };
		1A3FA244266A2C6C003A96A4 /* UserPractices.swift in Sources */ = {isa = PBXBuildFile; fileRef = 1A3FA243266A2C6C003A96A4 /* UserPractices.swift */; };
		1A3FA24C266E924B003A96A4 /* UserPracticesData.swift in Sources */ = {isa = PBXBuildFile; fileRef = 1A3FA24B266E924B003A96A4 /* UserPracticesData.swift */; };
		1A554391267BB109000C5FFF /* ReminderTableViewCell.swift in Sources */ = {isa = PBXBuildFile; fileRef = 1A554390267BB109000C5FFF /* ReminderTableViewCell.swift */; };
		1A554393267C3D46000C5FFF /* Reminder.swift in Sources */ = {isa = PBXBuildFile; fileRef = 1A554392267C3D46000C5FFF /* Reminder.swift */; };
		1A554395267C3DA9000C5FFF /* Reminder+CoreProperties.swift in Sources */ = {isa = PBXBuildFile; fileRef = 1A554394267C3DA9000C5FFF /* Reminder+CoreProperties.swift */; };
		1A55439726811583000C5FFF /* PracticeReminders.swift in Sources */ = {isa = PBXBuildFile; fileRef = 1A55439626811583000C5FFF /* PracticeReminders.swift */; };
		1A56C152267A465B00E6D18E /* NotificationManager.swift in Sources */ = {isa = PBXBuildFile; fileRef = 1A56C151267A465B00E6D18E /* NotificationManager.swift */; };
		1A62B81F26658BF60025D92C /* IQKeyboardManagerSwift in Frameworks */ = {isa = PBXBuildFile; productRef = 1A62B81E26658BF60025D92C /* IQKeyboardManagerSwift */; };
		1A62B82126659CD70025D92C /* MainViewController.swift in Sources */ = {isa = PBXBuildFile; fileRef = 1A62B82026659CD70025D92C /* MainViewController.swift */; };
		1AA35F842671B0E100BA918F /* PracticesListCell.swift in Sources */ = {isa = PBXBuildFile; fileRef = 1AA35F832671B0E100BA918F /* PracticesListCell.swift */; };
		1AA35F862671B41F00BA918F /* PracticesRecordListVC.swift in Sources */ = {isa = PBXBuildFile; fileRef = 1AA35F852671B41F00BA918F /* PracticesRecordListVC.swift */; };
		1AA35F882671F31600BA918F /* ActivityProgressVC.swift in Sources */ = {isa = PBXBuildFile; fileRef = 1AA35F872671F31600BA918F /* ActivityProgressVC.swift */; };
		1AA35F8A2671FA6900BA918F /* ActivityProgressCell.swift in Sources */ = {isa = PBXBuildFile; fileRef = 1AA35F892671FA6900BA918F /* ActivityProgressCell.swift */; };
		1AACDE0D2668783400A1877D /* MainNavigationController.swift in Sources */ = {isa = PBXBuildFile; fileRef = 1AACDE0C2668783400A1877D /* MainNavigationController.swift */; };
		1AACDE0F2668787400A1877D /* LoginOpitonViewController.swift in Sources */ = {isa = PBXBuildFile; fileRef = 1AACDE0E2668787400A1877D /* LoginOpitonViewController.swift */; };
		1ABB939E26828C23007EF555 /* PopUpReminder.swift in Sources */ = {isa = PBXBuildFile; fileRef = 1ABB939D26828C23007EF555 /* PopUpReminder.swift */; };
		1ABC96E3267B16BA0021195F /* ReminderViewController.swift in Sources */ = {isa = PBXBuildFile; fileRef = 1ABC96E2267B16BA0021195F /* ReminderViewController.swift */; };
		1AC8FD0A26B0A85D00B1685D /* Notes.swift in Sources */ = {isa = PBXBuildFile; fileRef = 1AC8FD0926B0A85D00B1685D /* Notes.swift */; };
		1AC8FD0C26B0A87D00B1685D /* Notes+CoreDataProperties.swift in Sources */ = {isa = PBXBuildFile; fileRef = 1AC8FD0B26B0A87D00B1685D /* Notes+CoreDataProperties.swift */; };
		1AC8FD0E26B0B15E00B1685D /* PracticeNotes.swift in Sources */ = {isa = PBXBuildFile; fileRef = 1AC8FD0D26B0B15E00B1685D /* PracticeNotes.swift */; };
		1ACD671B26A56AC600FC7612 /* AuthenticationServices.framework in Frameworks */ = {isa = PBXBuildFile; fileRef = 1ACD671A26A56AC600FC7612 /* AuthenticationServices.framework */; };
		1AD65E7D264E32CA00CD9974 /* Login.storyboard in Resources */ = {isa = PBXBuildFile; fileRef = 1AD65E7C264E32CA00CD9974 /* Login.storyboard */; };
		1AD65E7F264E357D00CD9974 /* TabVC.storyboard in Resources */ = {isa = PBXBuildFile; fileRef = 1AD65E7E264E357D00CD9974 /* TabVC.storyboard */; };
		1AD65E81264E412800CD9974 /* Home.storyboard in Resources */ = {isa = PBXBuildFile; fileRef = 1AD65E80264E412800CD9974 /* Home.storyboard */; };
		1AD65E83264E449900CD9974 /* TrackRecord.storyboard in Resources */ = {isa = PBXBuildFile; fileRef = 1AD65E82264E449900CD9974 /* TrackRecord.storyboard */; };
		1AD65E85264E45A400CD9974 /* Books.storyboard in Resources */ = {isa = PBXBuildFile; fileRef = 1AD65E84264E45A400CD9974 /* Books.storyboard */; };
		1AD65E87264E466C00CD9974 /* More.storyboard in Resources */ = {isa = PBXBuildFile; fileRef = 1AD65E86264E466C00CD9974 /* More.storyboard */; };
		1AE8AF06269FAC96004E9229 /* UserModel.swift in Sources */ = {isa = PBXBuildFile; fileRef = 1AE8AF05269FAC96004E9229 /* UserModel.swift */; };
		1AE94EFD2675FEF500DB9579 /* HomeVCCell.swift in Sources */ = {isa = PBXBuildFile; fileRef = 1AE94EFC2675FEF500DB9579 /* HomeVCCell.swift */; };
		26229B192697A3810019D2D0 /* LaunchScreenAnimationViewController.swift in Sources */ = {isa = PBXBuildFile; fileRef = 26229B182697A3810019D2D0 /* LaunchScreenAnimationViewController.swift */; };
		2623EF9626705B6100951285 /* StataticsViewProgressBar.swift in Sources */ = {isa = PBXBuildFile; fileRef = 2623EF9526705B6100951285 /* StataticsViewProgressBar.swift */; };
		2623EF9C2670850500951285 /* PrivacyPolicyTableViewCell.swift in Sources */ = {isa = PBXBuildFile; fileRef = 2623EF9B2670850500951285 /* PrivacyPolicyTableViewCell.swift */; };
		2623EF9E2670852900951285 /* PrivacyPolicyViewController.swift in Sources */ = {isa = PBXBuildFile; fileRef = 2623EF9D2670852900951285 /* PrivacyPolicyViewController.swift */; };
		2626A11A267AB49F0043C193 /* ProfilePageViewController.swift in Sources */ = {isa = PBXBuildFile; fileRef = 2626A119267AB49F0043C193 /* ProfilePageViewController.swift */; };
		262726F726958B2C00A80028 /* 2.png in Resources */ = {isa = PBXBuildFile; fileRef = 262726EC26958B2B00A80028 /* 2.png */; };
		262726F826958B2C00A80028 /* 5.png in Resources */ = {isa = PBXBuildFile; fileRef = 262726ED26958B2B00A80028 /* 5.png */; };
		262726F926958B2C00A80028 /* 6.png in Resources */ = {isa = PBXBuildFile; fileRef = 262726EE26958B2B00A80028 /* 6.png */; };
		262726FA26958B2C00A80028 /* 3.png in Resources */ = {isa = PBXBuildFile; fileRef = 262726EF26958B2B00A80028 /* 3.png */; };
		262726FB26958B2C00A80028 /* 9.png in Resources */ = {isa = PBXBuildFile; fileRef = 262726F026958B2B00A80028 /* 9.png */; };
		262726FC26958B2C00A80028 /* 8.png in Resources */ = {isa = PBXBuildFile; fileRef = 262726F126958B2C00A80028 /* 8.png */; };
		262726FD26958B2C00A80028 /* 4.png in Resources */ = {isa = PBXBuildFile; fileRef = 262726F226958B2C00A80028 /* 4.png */; };
		262726FE26958B2C00A80028 /* 11.png in Resources */ = {isa = PBXBuildFile; fileRef = 262726F326958B2C00A80028 /* 11.png */; };
		262726FF26958B2C00A80028 /* 10.png in Resources */ = {isa = PBXBuildFile; fileRef = 262726F426958B2C00A80028 /* 10.png */; };
		2627270026958B2C00A80028 /* 1.png in Resources */ = {isa = PBXBuildFile; fileRef = 262726F526958B2C00A80028 /* 1.png */; };
		2627270126958B2C00A80028 /* 7.png in Resources */ = {isa = PBXBuildFile; fileRef = 262726F626958B2C00A80028 /* 7.png */; };
		262946E026601F8B005BA95E /* Constants.swift in Sources */ = {isa = PBXBuildFile; fileRef = 262946DF26601F8B005BA95E /* Constants.swift */; };
		262946E226601F99005BA95E /* Utilities.swift in Sources */ = {isa = PBXBuildFile; fileRef = 262946E126601F99005BA95E /* Utilities.swift */; };
		263F60EF2681240D00B4908E /* ShopBooksViewController.swift in Sources */ = {isa = PBXBuildFile; fileRef = 263F60EE2681240D00B4908E /* ShopBooksViewController.swift */; };
		263F60F12681272400B4908E /* ShopBooksCollectionViewCell.swift in Sources */ = {isa = PBXBuildFile; fileRef = 263F60F02681272400B4908E /* ShopBooksCollectionViewCell.swift */; };
		263F60F32681474F00B4908E /* HowToUseAppViewController.swift in Sources */ = {isa = PBXBuildFile; fileRef = 263F60F22681474F00B4908E /* HowToUseAppViewController.swift */; };
		263F60F52681476D00B4908E /* HowToUseCollectionViewCell.swift in Sources */ = {isa = PBXBuildFile; fileRef = 263F60F42681476D00B4908E /* HowToUseCollectionViewCell.swift */; };
		263FEE8E2675C62500EAEDCC /* ActivityDetailsViewController.swift in Sources */ = {isa = PBXBuildFile; fileRef = 263FEE8D2675C62500EAEDCC /* ActivityDetailsViewController.swift */; };
		2655D9B1268300E8004EF7AD /* ConnectToUsViewController.swift in Sources */ = {isa = PBXBuildFile; fileRef = 2655D9B0268300E8004EF7AD /* ConnectToUsViewController.swift */; };
		26A2153D268D1FEE00B581BC /* PracticeHistoryViewController.swift in Sources */ = {isa = PBXBuildFile; fileRef = 26A2153C268D1FEE00B581BC /* PracticeHistoryViewController.swift */; };
		26A2153F268D201100B581BC /* PracticeHistoryCollectionViewCell.swift in Sources */ = {isa = PBXBuildFile; fileRef = 26A2153E268D201100B581BC /* PracticeHistoryCollectionViewCell.swift */; };
		26C197FC268286D5003A6D88 /* ResetPasswordViewController.swift in Sources */ = {isa = PBXBuildFile; fileRef = 26C197FB268286D5003A6D88 /* ResetPasswordViewController.swift */; };
		26C76572267456F500BD646E /* AddPracticesViewController.swift in Sources */ = {isa = PBXBuildFile; fileRef = 26C76571267456F500BD646E /* AddPracticesViewController.swift */; };
		26CAE0962685870F00A54802 /* TabBarViewController.swift in Sources */ = {isa = PBXBuildFile; fileRef = 26CAE0952685870F00A54802 /* TabBarViewController.swift */; };
		26CAE0982685886500A54802 /* History.storyboard in Resources */ = {isa = PBXBuildFile; fileRef = 26CAE0972685886500A54802 /* History.storyboard */; };
		26DE85D726701BBA00994DA3 /* ActivityTrackTableViewCell.swift in Sources */ = {isa = PBXBuildFile; fileRef = 26DE85D626701BBA00994DA3 /* ActivityTrackTableViewCell.swift */; };
		26DE85D926701EA700994DA3 /* CircularProgressView.swift in Sources */ = {isa = PBXBuildFile; fileRef = 26DE85D826701EA700994DA3 /* CircularProgressView.swift */; };
		26DE85DB26701F0A00994DA3 /* CircularProgressBarView.swift in Sources */ = {isa = PBXBuildFile; fileRef = 26DE85DA26701F0A00994DA3 /* CircularProgressBarView.swift */; };
		E1029A42223ABE9100207D55 /* PracticeHistory+CoreDataClass.swift in Sources */ = {isa = PBXBuildFile; fileRef = E1029A40223ABE9100207D55 /* PracticeHistory+CoreDataClass.swift */; };
		E1029A43223ABE9100207D55 /* PracticeHistory+CoreDataProperties.swift in Sources */ = {isa = PBXBuildFile; fileRef = E1029A41223ABE9100207D55 /* PracticeHistory+CoreDataProperties.swift */; };
		E107B9F4222705890014C539 /* User+CoreDataProperties.swift in Sources */ = {isa = PBXBuildFile; fileRef = E107B9F3222705890014C539 /* User+CoreDataProperties.swift */; };
		E10D6673226F6F0700C0E4D8 /* faqTableViewCell.swift in Sources */ = {isa = PBXBuildFile; fileRef = E10D6672226F6F0700C0E4D8 /* faqTableViewCell.swift */; };
		E10D6675226F6F7900C0E4D8 /* faqViewController.swift in Sources */ = {isa = PBXBuildFile; fileRef = E10D6674226F6F7900C0E4D8 /* faqViewController.swift */; };
		E10D6677226F7D7200C0E4D8 /* AboutUsViewController.swift in Sources */ = {isa = PBXBuildFile; fileRef = E10D6676226F7D7200C0E4D8 /* AboutUsViewController.swift */; };
		E10D6679226F7D8E00C0E4D8 /* AboutUsTableViewCell.swift in Sources */ = {isa = PBXBuildFile; fileRef = E10D6678226F7D8E00C0E4D8 /* AboutUsTableViewCell.swift */; };
		E11037BB21E6602E007BBEF1 /* LoginViewController.swift in Sources */ = {isa = PBXBuildFile; fileRef = E11037BA21E6602E007BBEF1 /* LoginViewController.swift */; };
		E11037BD21E6607C007BBEF1 /* SignUpViewController.swift in Sources */ = {isa = PBXBuildFile; fileRef = E11037BC21E6607C007BBEF1 /* SignUpViewController.swift */; };
		E11752D92217486F0089B852 /* ToastLabel.swift in Sources */ = {isa = PBXBuildFile; fileRef = E11752D82217486F0089B852 /* ToastLabel.swift */; };
		E133554422665FDD00C3E0CF /* FinalLogo.png in Resources */ = {isa = PBXBuildFile; fileRef = E133554322665FDD00C3E0CF /* FinalLogo.png */; };
		E1383D7C21E7835800F8597F /* ShowRecordViewController.swift in Sources */ = {isa = PBXBuildFile; fileRef = E1383D7B21E7835800F8597F /* ShowRecordViewController.swift */; };
		E1383D7E21E7903800F8597F /* ShowPercentageCell.swift in Sources */ = {isa = PBXBuildFile; fileRef = E1383D7D21E7903800F8597F /* ShowPercentageCell.swift */; };
		E1383D8021E7905000F8597F /* DataHeaderCell.swift in Sources */ = {isa = PBXBuildFile; fileRef = E1383D7F21E7905000F8597F /* DataHeaderCell.swift */; };
		E1383D8221E7905D00F8597F /* DataCell.swift in Sources */ = {isa = PBXBuildFile; fileRef = E1383D8121E7905D00F8597F /* DataCell.swift */; };
		E147F43821FF716D00FFB8BB /* Theme.swift in Sources */ = {isa = PBXBuildFile; fileRef = E147F43721FF716D00FFB8BB /* Theme.swift */; };
		E154CB93221F0B29007ACAC3 /* MaintabBarViewController.swift in Sources */ = {isa = PBXBuildFile; fileRef = E154CB92221F0B29007ACAC3 /* MaintabBarViewController.swift */; };
		E15E290121EFA76900F2177F /* Icons.xcassets in Resources */ = {isa = PBXBuildFile; fileRef = E15E290021EFA76900F2177F /* Icons.xcassets */; };
		E169CA57225BAA8700A100A6 /* WeeklyData+CoreDataClass.swift in Sources */ = {isa = PBXBuildFile; fileRef = E169CA55225BAA8700A100A6 /* WeeklyData+CoreDataClass.swift */; };
		E169CA58225BAA8700A100A6 /* WeeklyData+CoreDataProperties.swift in Sources */ = {isa = PBXBuildFile; fileRef = E169CA56225BAA8700A100A6 /* WeeklyData+CoreDataProperties.swift */; };
		E16BBC6321F638D60094D8B6 /* MorePageViewController.swift in Sources */ = {isa = PBXBuildFile; fileRef = E16BBC6221F638D60094D8B6 /* MorePageViewController.swift */; };
		E16DBD23225D3BD80056D864 /* RecordTableSectionZeroTableViewCell.swift in Sources */ = {isa = PBXBuildFile; fileRef = E16DBD22225D3BD80056D864 /* RecordTableSectionZeroTableViewCell.swift */; };
		E179F52F21F2476A00FBD293 /* HomeTableViewCell.swift in Sources */ = {isa = PBXBuildFile; fileRef = E179F52E21F2476A00FBD293 /* HomeTableViewCell.swift */; };
		E18169B52200EC97002EE49F /* ProfileDataTableViewCell.swift in Sources */ = {isa = PBXBuildFile; fileRef = E18169B42200EC97002EE49F /* ProfileDataTableViewCell.swift */; };
		E18169B92201042C002EE49F /* ProfileHeaderCell.swift in Sources */ = {isa = PBXBuildFile; fileRef = E18169B82201042C002EE49F /* ProfileHeaderCell.swift */; };
		E189D68621E4FA430078380B /* AppDelegate.swift in Sources */ = {isa = PBXBuildFile; fileRef = E189D68521E4FA430078380B /* AppDelegate.swift */; };
		E189D68E21E4FA430078380B /* CTC.xcdatamodeld in Sources */ = {isa = PBXBuildFile; fileRef = E189D68C21E4FA430078380B /* CTC.xcdatamodeld */; };
		E189D69021E4FA450078380B /* Assets.xcassets in Resources */ = {isa = PBXBuildFile; fileRef = E189D68F21E4FA450078380B /* Assets.xcassets */; };
		E189D69321E4FA450078380B /* LaunchScreen.storyboard in Resources */ = {isa = PBXBuildFile; fileRef = E189D69121E4FA450078380B /* LaunchScreen.storyboard */; };
		E18EDF1121F8BC08009B18B1 /* MorePageTableViewCell.swift in Sources */ = {isa = PBXBuildFile; fileRef = E18EDF1021F8BC08009B18B1 /* MorePageTableViewCell.swift */; };
		E18EDF1521F9081F009B18B1 /* HomeViewController.swift in Sources */ = {isa = PBXBuildFile; fileRef = E18EDF1421F9081F009B18B1 /* HomeViewController.swift */; };
		E1A2CF83221FDAA6009085C9 /* PracticeData+CoreDataProperties.swift in Sources */ = {isa = PBXBuildFile; fileRef = E1A2CF80221FDAA6009085C9 /* PracticeData+CoreDataProperties.swift */; };
		E1BFA7302236B211005AB2D9 /* DatabaseHelper.swift in Sources */ = {isa = PBXBuildFile; fileRef = E1BFA72F2236B211005AB2D9 /* DatabaseHelper.swift */; };
		E1E2EEEF223064C3002046E7 /* Practice+CoreDataProperties.swift in Sources */ = {isa = PBXBuildFile; fileRef = E1E2EEEE223064C3002046E7 /* Practice+CoreDataProperties.swift */; };
		E1E7D5752204CD27003C65F5 /* Extensions.swift in Sources */ = {isa = PBXBuildFile; fileRef = E1E7D5742204CD27003C65F5 /* Extensions.swift */; };
		E1F3094721FB8560008ADE9D /* AnimationLabel.swift in Sources */ = {isa = PBXBuildFile; fileRef = E1F3094621FB855F008ADE9D /* AnimationLabel.swift */; };
		E1F63FC3220B8C560001FC6D /* PracticeData+CoreDataClass.swift in Sources */ = {isa = PBXBuildFile; fileRef = E1F63FBD220B8C560001FC6D /* PracticeData+CoreDataClass.swift */; };
		E1F63FC5220B8C560001FC6D /* Practice+CoreDataClass.swift in Sources */ = {isa = PBXBuildFile; fileRef = E1F63FBF220B8C560001FC6D /* Practice+CoreDataClass.swift */; };
		E1F63FC7220B8C560001FC6D /* User+CoreDataClass.swift in Sources */ = {isa = PBXBuildFile; fileRef = E1F63FC1220B8C560001FC6D /* User+CoreDataClass.swift */; };
		E1F6EBB721ED04390022F1A3 /* CircularViewController.swift in Sources */ = {isa = PBXBuildFile; fileRef = E1F6EBB621ED04390022F1A3 /* CircularViewController.swift */; };
/* End PBXBuildFile section */

/* Begin PBXFileReference section */
		1A2E9B8C2689EBC2005587FA /* FirebaseDataManager.swift */ = {isa = PBXFileReference; lastKnownFileType = sourcecode.swift; path = FirebaseDataManager.swift; sourceTree = "<group>"; };
		1A2E9B90268AA6A2005587FA /* PracticedHistory.swift */ = {isa = PBXFileReference; lastKnownFileType = sourcecode.swift; path = PracticedHistory.swift; sourceTree = "<group>"; };
		1A2E9B99268F4150005587FA /* GoogleService-Info.plist */ = {isa = PBXFileReference; fileEncoding = 4; lastKnownFileType = text.plist.xml; path = "GoogleService-Info.plist"; sourceTree = "<group>"; };
		1A3FA23F2669FC91003A96A4 /* CurrentUser.swift */ = {isa = PBXFileReference; fileEncoding = 4; lastKnownFileType = sourcecode.swift; path = CurrentUser.swift; sourceTree = "<group>"; };
		1A3FA243266A2C6C003A96A4 /* UserPractices.swift */ = {isa = PBXFileReference; fileEncoding = 4; lastKnownFileType = sourcecode.swift; path = UserPractices.swift; sourceTree = "<group>"; };
		1A3FA24B266E924B003A96A4 /* UserPracticesData.swift */ = {isa = PBXFileReference; lastKnownFileType = sourcecode.swift; path = UserPracticesData.swift; sourceTree = "<group>"; };
		1A554390267BB109000C5FFF /* ReminderTableViewCell.swift */ = {isa = PBXFileReference; lastKnownFileType = sourcecode.swift; path = ReminderTableViewCell.swift; sourceTree = "<group>"; };
		1A554392267C3D46000C5FFF /* Reminder.swift */ = {isa = PBXFileReference; lastKnownFileType = sourcecode.swift; path = Reminder.swift; sourceTree = "<group>"; };
		1A554394267C3DA9000C5FFF /* Reminder+CoreProperties.swift */ = {isa = PBXFileReference; lastKnownFileType = sourcecode.swift; path = "Reminder+CoreProperties.swift"; sourceTree = "<group>"; };
		1A55439626811583000C5FFF /* PracticeReminders.swift */ = {isa = PBXFileReference; lastKnownFileType = sourcecode.swift; path = PracticeReminders.swift; sourceTree = "<group>"; };
		1A56C151267A465B00E6D18E /* NotificationManager.swift */ = {isa = PBXFileReference; lastKnownFileType = sourcecode.swift; path = NotificationManager.swift; sourceTree = "<group>"; };
		1A62B82026659CD70025D92C /* MainViewController.swift */ = {isa = PBXFileReference; lastKnownFileType = sourcecode.swift; path = MainViewController.swift; sourceTree = "<group>"; };
		1AA35F832671B0E100BA918F /* PracticesListCell.swift */ = {isa = PBXFileReference; lastKnownFileType = sourcecode.swift; path = PracticesListCell.swift; sourceTree = "<group>"; };
		1AA35F852671B41F00BA918F /* PracticesRecordListVC.swift */ = {isa = PBXFileReference; lastKnownFileType = sourcecode.swift; path = PracticesRecordListVC.swift; sourceTree = "<group>"; };
		1AA35F872671F31600BA918F /* ActivityProgressVC.swift */ = {isa = PBXFileReference; lastKnownFileType = sourcecode.swift; path = ActivityProgressVC.swift; sourceTree = "<group>"; };
		1AA35F892671FA6900BA918F /* ActivityProgressCell.swift */ = {isa = PBXFileReference; lastKnownFileType = sourcecode.swift; path = ActivityProgressCell.swift; sourceTree = "<group>"; };
		1AACDE0C2668783400A1877D /* MainNavigationController.swift */ = {isa = PBXFileReference; fileEncoding = 4; lastKnownFileType = sourcecode.swift; path = MainNavigationController.swift; sourceTree = "<group>"; };
		1AACDE0E2668787400A1877D /* LoginOpitonViewController.swift */ = {isa = PBXFileReference; fileEncoding = 4; lastKnownFileType = sourcecode.swift; path = LoginOpitonViewController.swift; sourceTree = "<group>"; };
		1ABB939D26828C23007EF555 /* PopUpReminder.swift */ = {isa = PBXFileReference; lastKnownFileType = sourcecode.swift; path = PopUpReminder.swift; sourceTree = "<group>"; };
		1ABC96E2267B16BA0021195F /* ReminderViewController.swift */ = {isa = PBXFileReference; lastKnownFileType = sourcecode.swift; path = ReminderViewController.swift; sourceTree = "<group>"; };
		1AC8FD0926B0A85D00B1685D /* Notes.swift */ = {isa = PBXFileReference; lastKnownFileType = sourcecode.swift; path = Notes.swift; sourceTree = "<group>"; };
		1AC8FD0B26B0A87D00B1685D /* Notes+CoreDataProperties.swift */ = {isa = PBXFileReference; lastKnownFileType = sourcecode.swift; path = "Notes+CoreDataProperties.swift"; sourceTree = "<group>"; };
		1AC8FD0D26B0B15E00B1685D /* PracticeNotes.swift */ = {isa = PBXFileReference; lastKnownFileType = sourcecode.swift; path = PracticeNotes.swift; sourceTree = "<group>"; };
		1ACD671A26A56AC600FC7612 /* AuthenticationServices.framework */ = {isa = PBXFileReference; lastKnownFileType = wrapper.framework; name = AuthenticationServices.framework; path = System/Library/Frameworks/AuthenticationServices.framework; sourceTree = SDKROOT; };
		1AD65E7C264E32CA00CD9974 /* Login.storyboard */ = {isa = PBXFileReference; lastKnownFileType = file.storyboard; path = Login.storyboard; sourceTree = "<group>"; };
		1AD65E7E264E357D00CD9974 /* TabVC.storyboard */ = {isa = PBXFileReference; lastKnownFileType = file.storyboard; path = TabVC.storyboard; sourceTree = "<group>"; };
		1AD65E80264E412800CD9974 /* Home.storyboard */ = {isa = PBXFileReference; lastKnownFileType = file.storyboard; path = Home.storyboard; sourceTree = "<group>"; };
		1AD65E82264E449900CD9974 /* TrackRecord.storyboard */ = {isa = PBXFileReference; lastKnownFileType = file.storyboard; path = TrackRecord.storyboard; sourceTree = "<group>"; };
		1AD65E84264E45A400CD9974 /* Books.storyboard */ = {isa = PBXFileReference; lastKnownFileType = file.storyboard; path = Books.storyboard; sourceTree = "<group>"; };
		1AD65E86264E466C00CD9974 /* More.storyboard */ = {isa = PBXFileReference; lastKnownFileType = file.storyboard; path = More.storyboard; sourceTree = "<group>"; };
		1AE8AF05269FAC96004E9229 /* UserModel.swift */ = {isa = PBXFileReference; fileEncoding = 4; lastKnownFileType = sourcecode.swift; path = UserModel.swift; sourceTree = "<group>"; };
		1AE94EFC2675FEF500DB9579 /* HomeVCCell.swift */ = {isa = PBXFileReference; lastKnownFileType = sourcecode.swift; path = HomeVCCell.swift; sourceTree = "<group>"; };
		26229B182697A3810019D2D0 /* LaunchScreenAnimationViewController.swift */ = {isa = PBXFileReference; lastKnownFileType = sourcecode.swift; path = LaunchScreenAnimationViewController.swift; sourceTree = "<group>"; };
		2623EF9526705B6100951285 /* StataticsViewProgressBar.swift */ = {isa = PBXFileReference; lastKnownFileType = sourcecode.swift; path = StataticsViewProgressBar.swift; sourceTree = "<group>"; };
		2623EF9B2670850500951285 /* PrivacyPolicyTableViewCell.swift */ = {isa = PBXFileReference; lastKnownFileType = sourcecode.swift; path = PrivacyPolicyTableViewCell.swift; sourceTree = "<group>"; };
		2623EF9D2670852900951285 /* PrivacyPolicyViewController.swift */ = {isa = PBXFileReference; lastKnownFileType = sourcecode.swift; path = PrivacyPolicyViewController.swift; sourceTree = "<group>"; };
		2626A119267AB49F0043C193 /* ProfilePageViewController.swift */ = {isa = PBXFileReference; lastKnownFileType = sourcecode.swift; path = ProfilePageViewController.swift; sourceTree = "<group>"; };
		262726EC26958B2B00A80028 /* 2.png */ = {isa = PBXFileReference; lastKnownFileType = image.png; path = 2.png; sourceTree = "<group>"; };
		262726ED26958B2B00A80028 /* 5.png */ = {isa = PBXFileReference; lastKnownFileType = image.png; path = 5.png; sourceTree = "<group>"; };
		262726EE26958B2B00A80028 /* 6.png */ = {isa = PBXFileReference; lastKnownFileType = image.png; path = 6.png; sourceTree = "<group>"; };
		262726EF26958B2B00A80028 /* 3.png */ = {isa = PBXFileReference; lastKnownFileType = image.png; path = 3.png; sourceTree = "<group>"; };
		262726F026958B2B00A80028 /* 9.png */ = {isa = PBXFileReference; lastKnownFileType = image.png; path = 9.png; sourceTree = "<group>"; };
		262726F126958B2C00A80028 /* 8.png */ = {isa = PBXFileReference; lastKnownFileType = image.png; path = 8.png; sourceTree = "<group>"; };
		262726F226958B2C00A80028 /* 4.png */ = {isa = PBXFileReference; lastKnownFileType = image.png; path = 4.png; sourceTree = "<group>"; };
		262726F326958B2C00A80028 /* 11.png */ = {isa = PBXFileReference; lastKnownFileType = image.png; path = 11.png; sourceTree = "<group>"; };
		262726F426958B2C00A80028 /* 10.png */ = {isa = PBXFileReference; lastKnownFileType = image.png; path = 10.png; sourceTree = "<group>"; };
		262726F526958B2C00A80028 /* 1.png */ = {isa = PBXFileReference; lastKnownFileType = image.png; path = 1.png; sourceTree = "<group>"; };
		262726F626958B2C00A80028 /* 7.png */ = {isa = PBXFileReference; lastKnownFileType = image.png; path = 7.png; sourceTree = "<group>"; };
		262946DF26601F8B005BA95E /* Constants.swift */ = {isa = PBXFileReference; lastKnownFileType = sourcecode.swift; path = Constants.swift; sourceTree = "<group>"; };
		262946E126601F99005BA95E /* Utilities.swift */ = {isa = PBXFileReference; lastKnownFileType = sourcecode.swift; path = Utilities.swift; sourceTree = "<group>"; };
		263F60EE2681240D00B4908E /* ShopBooksViewController.swift */ = {isa = PBXFileReference; lastKnownFileType = sourcecode.swift; path = ShopBooksViewController.swift; sourceTree = "<group>"; };
		263F60F02681272400B4908E /* ShopBooksCollectionViewCell.swift */ = {isa = PBXFileReference; lastKnownFileType = sourcecode.swift; path = ShopBooksCollectionViewCell.swift; sourceTree = "<group>"; };
		263F60F22681474F00B4908E /* HowToUseAppViewController.swift */ = {isa = PBXFileReference; lastKnownFileType = sourcecode.swift; path = HowToUseAppViewController.swift; sourceTree = "<group>"; };
		263F60F42681476D00B4908E /* HowToUseCollectionViewCell.swift */ = {isa = PBXFileReference; lastKnownFileType = sourcecode.swift; path = HowToUseCollectionViewCell.swift; sourceTree = "<group>"; };
		263FEE8D2675C62500EAEDCC /* ActivityDetailsViewController.swift */ = {isa = PBXFileReference; lastKnownFileType = sourcecode.swift; path = ActivityDetailsViewController.swift; sourceTree = "<group>"; };
		2655D9B0268300E8004EF7AD /* ConnectToUsViewController.swift */ = {isa = PBXFileReference; lastKnownFileType = sourcecode.swift; path = ConnectToUsViewController.swift; sourceTree = "<group>"; };
		26A2153C268D1FEE00B581BC /* PracticeHistoryViewController.swift */ = {isa = PBXFileReference; lastKnownFileType = sourcecode.swift; path = PracticeHistoryViewController.swift; sourceTree = "<group>"; };
		26A2153E268D201100B581BC /* PracticeHistoryCollectionViewCell.swift */ = {isa = PBXFileReference; lastKnownFileType = sourcecode.swift; path = PracticeHistoryCollectionViewCell.swift; sourceTree = "<group>"; };
		26C197FB268286D5003A6D88 /* ResetPasswordViewController.swift */ = {isa = PBXFileReference; lastKnownFileType = sourcecode.swift; path = ResetPasswordViewController.swift; sourceTree = "<group>"; };
		26C76571267456F500BD646E /* AddPracticesViewController.swift */ = {isa = PBXFileReference; lastKnownFileType = sourcecode.swift; path = AddPracticesViewController.swift; sourceTree = "<group>"; };
		26CAE0952685870F00A54802 /* TabBarViewController.swift */ = {isa = PBXFileReference; lastKnownFileType = sourcecode.swift; path = TabBarViewController.swift; sourceTree = "<group>"; };
		26CAE0972685886500A54802 /* History.storyboard */ = {isa = PBXFileReference; lastKnownFileType = file.storyboard; path = History.storyboard; sourceTree = "<group>"; };
		26DE85D626701BBA00994DA3 /* ActivityTrackTableViewCell.swift */ = {isa = PBXFileReference; lastKnownFileType = sourcecode.swift; path = ActivityTrackTableViewCell.swift; sourceTree = "<group>"; };
		26DE85D826701EA700994DA3 /* CircularProgressView.swift */ = {isa = PBXFileReference; fileEncoding = 4; lastKnownFileType = sourcecode.swift; path = CircularProgressView.swift; sourceTree = "<group>"; };
		26DE85DA26701F0A00994DA3 /* CircularProgressBarView.swift */ = {isa = PBXFileReference; lastKnownFileType = sourcecode.swift; path = CircularProgressBarView.swift; sourceTree = "<group>"; };
		844AA35F4ACF0ABF3EE6D56D /* Pods-CTC.debug.xcconfig */ = {isa = PBXFileReference; includeInIndex = 1; lastKnownFileType = text.xcconfig; name = "Pods-CTC.debug.xcconfig"; path = "Pods/Target Support Files/Pods-CTC/Pods-CTC.debug.xcconfig"; sourceTree = "<group>"; };
		9A5F178E0D56A7109313F1D6 /* Pods_CTC.framework */ = {isa = PBXFileReference; explicitFileType = wrapper.framework; includeInIndex = 0; path = Pods_CTC.framework; sourceTree = BUILT_PRODUCTS_DIR; };
		E1029A40223ABE9100207D55 /* PracticeHistory+CoreDataClass.swift */ = {isa = PBXFileReference; lastKnownFileType = sourcecode.swift; path = "PracticeHistory+CoreDataClass.swift"; sourceTree = "<group>"; };
		E1029A41223ABE9100207D55 /* PracticeHistory+CoreDataProperties.swift */ = {isa = PBXFileReference; lastKnownFileType = sourcecode.swift; path = "PracticeHistory+CoreDataProperties.swift"; sourceTree = "<group>"; };
		E107B9F3222705890014C539 /* User+CoreDataProperties.swift */ = {isa = PBXFileReference; lastKnownFileType = sourcecode.swift; path = "User+CoreDataProperties.swift"; sourceTree = "<group>"; };
		E10D6672226F6F0700C0E4D8 /* faqTableViewCell.swift */ = {isa = PBXFileReference; lastKnownFileType = sourcecode.swift; path = faqTableViewCell.swift; sourceTree = "<group>"; };
		E10D6674226F6F7900C0E4D8 /* faqViewController.swift */ = {isa = PBXFileReference; lastKnownFileType = sourcecode.swift; path = faqViewController.swift; sourceTree = "<group>"; };
		E10D6676226F7D7200C0E4D8 /* AboutUsViewController.swift */ = {isa = PBXFileReference; lastKnownFileType = sourcecode.swift; path = AboutUsViewController.swift; sourceTree = "<group>"; };
		E10D6678226F7D8E00C0E4D8 /* AboutUsTableViewCell.swift */ = {isa = PBXFileReference; lastKnownFileType = sourcecode.swift; path = AboutUsTableViewCell.swift; sourceTree = "<group>"; };
		E11037BA21E6602E007BBEF1 /* LoginViewController.swift */ = {isa = PBXFileReference; lastKnownFileType = sourcecode.swift; path = LoginViewController.swift; sourceTree = "<group>"; };
		E11037BC21E6607C007BBEF1 /* SignUpViewController.swift */ = {isa = PBXFileReference; lastKnownFileType = sourcecode.swift; path = SignUpViewController.swift; sourceTree = "<group>"; };
		E11752D82217486F0089B852 /* ToastLabel.swift */ = {isa = PBXFileReference; lastKnownFileType = sourcecode.swift; path = ToastLabel.swift; sourceTree = "<group>"; };
		E133554322665FDD00C3E0CF /* FinalLogo.png */ = {isa = PBXFileReference; lastKnownFileType = image.png; path = FinalLogo.png; sourceTree = "<group>"; };
		E1383D7B21E7835800F8597F /* ShowRecordViewController.swift */ = {isa = PBXFileReference; lastKnownFileType = sourcecode.swift; path = ShowRecordViewController.swift; sourceTree = "<group>"; };
		E1383D7D21E7903800F8597F /* ShowPercentageCell.swift */ = {isa = PBXFileReference; lastKnownFileType = sourcecode.swift; path = ShowPercentageCell.swift; sourceTree = "<group>"; };
		E1383D7F21E7905000F8597F /* DataHeaderCell.swift */ = {isa = PBXFileReference; lastKnownFileType = sourcecode.swift; path = DataHeaderCell.swift; sourceTree = "<group>"; };
		E1383D8121E7905D00F8597F /* DataCell.swift */ = {isa = PBXFileReference; lastKnownFileType = sourcecode.swift; path = DataCell.swift; sourceTree = "<group>"; };
		E147F43721FF716D00FFB8BB /* Theme.swift */ = {isa = PBXFileReference; lastKnownFileType = sourcecode.swift; path = Theme.swift; sourceTree = "<group>"; };
		E154CB92221F0B29007ACAC3 /* MaintabBarViewController.swift */ = {isa = PBXFileReference; lastKnownFileType = sourcecode.swift; path = MaintabBarViewController.swift; sourceTree = "<group>"; };
		E15E290021EFA76900F2177F /* Icons.xcassets */ = {isa = PBXFileReference; lastKnownFileType = folder.assetcatalog; path = Icons.xcassets; sourceTree = "<group>"; };
		E169CA55225BAA8700A100A6 /* WeeklyData+CoreDataClass.swift */ = {isa = PBXFileReference; lastKnownFileType = sourcecode.swift; path = "WeeklyData+CoreDataClass.swift"; sourceTree = "<group>"; };
		E169CA56225BAA8700A100A6 /* WeeklyData+CoreDataProperties.swift */ = {isa = PBXFileReference; lastKnownFileType = sourcecode.swift; path = "WeeklyData+CoreDataProperties.swift"; sourceTree = "<group>"; };
		E16BBC6221F638D60094D8B6 /* MorePageViewController.swift */ = {isa = PBXFileReference; lastKnownFileType = sourcecode.swift; path = MorePageViewController.swift; sourceTree = "<group>"; };
		E16DBD22225D3BD80056D864 /* RecordTableSectionZeroTableViewCell.swift */ = {isa = PBXFileReference; lastKnownFileType = sourcecode.swift; path = RecordTableSectionZeroTableViewCell.swift; sourceTree = "<group>"; };
		E179F52E21F2476A00FBD293 /* HomeTableViewCell.swift */ = {isa = PBXFileReference; lastKnownFileType = sourcecode.swift; path = HomeTableViewCell.swift; sourceTree = "<group>"; };
		E18169B42200EC97002EE49F /* ProfileDataTableViewCell.swift */ = {isa = PBXFileReference; lastKnownFileType = sourcecode.swift; path = ProfileDataTableViewCell.swift; sourceTree = "<group>"; };
		E18169B82201042C002EE49F /* ProfileHeaderCell.swift */ = {isa = PBXFileReference; lastKnownFileType = sourcecode.swift; path = ProfileHeaderCell.swift; sourceTree = "<group>"; };
		E189D68221E4FA430078380B /* CTC.app */ = {isa = PBXFileReference; explicitFileType = wrapper.application; includeInIndex = 0; path = CTC.app; sourceTree = BUILT_PRODUCTS_DIR; };
		E189D68521E4FA430078380B /* AppDelegate.swift */ = {isa = PBXFileReference; lastKnownFileType = sourcecode.swift; path = AppDelegate.swift; sourceTree = "<group>"; };
		E189D68D21E4FA430078380B /* CTC.xcdatamodel */ = {isa = PBXFileReference; lastKnownFileType = wrapper.xcdatamodel; path = CTC.xcdatamodel; sourceTree = "<group>"; };
		E189D68F21E4FA450078380B /* Assets.xcassets */ = {isa = PBXFileReference; lastKnownFileType = folder.assetcatalog; path = Assets.xcassets; sourceTree = "<group>"; };
		E189D69221E4FA450078380B /* Base */ = {isa = PBXFileReference; lastKnownFileType = file.storyboard; name = Base; path = Base.lproj/LaunchScreen.storyboard; sourceTree = "<group>"; };
		E189D69421E4FA450078380B /* Info.plist */ = {isa = PBXFileReference; lastKnownFileType = text.plist.xml; path = Info.plist; sourceTree = "<group>"; };
		E18EDF1021F8BC08009B18B1 /* MorePageTableViewCell.swift */ = {isa = PBXFileReference; lastKnownFileType = sourcecode.swift; path = MorePageTableViewCell.swift; sourceTree = "<group>"; };
		E18EDF1421F9081F009B18B1 /* HomeViewController.swift */ = {isa = PBXFileReference; lastKnownFileType = sourcecode.swift; path = HomeViewController.swift; sourceTree = "<group>"; };
		E1A2CF80221FDAA6009085C9 /* PracticeData+CoreDataProperties.swift */ = {isa = PBXFileReference; lastKnownFileType = sourcecode.swift; path = "PracticeData+CoreDataProperties.swift"; sourceTree = "<group>"; };
		E1BFA72F2236B211005AB2D9 /* DatabaseHelper.swift */ = {isa = PBXFileReference; lastKnownFileType = sourcecode.swift; path = DatabaseHelper.swift; sourceTree = "<group>"; };
		E1E2EEEE223064C3002046E7 /* Practice+CoreDataProperties.swift */ = {isa = PBXFileReference; lastKnownFileType = sourcecode.swift; path = "Practice+CoreDataProperties.swift"; sourceTree = "<group>"; };
		E1E7D5742204CD27003C65F5 /* Extensions.swift */ = {isa = PBXFileReference; lastKnownFileType = sourcecode.swift; path = Extensions.swift; sourceTree = "<group>"; };
		E1F3094621FB855F008ADE9D /* AnimationLabel.swift */ = {isa = PBXFileReference; lastKnownFileType = sourcecode.swift; path = AnimationLabel.swift; sourceTree = "<group>"; };
		E1F63FBD220B8C560001FC6D /* PracticeData+CoreDataClass.swift */ = {isa = PBXFileReference; lastKnownFileType = sourcecode.swift; path = "PracticeData+CoreDataClass.swift"; sourceTree = "<group>"; };
		E1F63FBF220B8C560001FC6D /* Practice+CoreDataClass.swift */ = {isa = PBXFileReference; lastKnownFileType = sourcecode.swift; path = "Practice+CoreDataClass.swift"; sourceTree = "<group>"; };
		E1F63FC1220B8C560001FC6D /* User+CoreDataClass.swift */ = {isa = PBXFileReference; lastKnownFileType = sourcecode.swift; path = "User+CoreDataClass.swift"; sourceTree = "<group>"; };
		E1F6EBB621ED04390022F1A3 /* CircularViewController.swift */ = {isa = PBXFileReference; lastKnownFileType = sourcecode.swift; path = CircularViewController.swift; sourceTree = "<group>"; };
		FB7AA6C23E171863E575DEDB /* Pods-CTC.release.xcconfig */ = {isa = PBXFileReference; includeInIndex = 1; lastKnownFileType = text.xcconfig; name = "Pods-CTC.release.xcconfig"; path = "Pods/Target Support Files/Pods-CTC/Pods-CTC.release.xcconfig"; sourceTree = "<group>"; };
/* End PBXFileReference section */

/* Begin PBXFrameworksBuildPhase section */
		E189D67F21E4FA430078380B /* Frameworks */ = {
			isa = PBXFrameworksBuildPhase;
			buildActionMask = 2147483647;
			files = (
				1ACD671B26A56AC600FC7612 /* AuthenticationServices.framework in Frameworks */,
				0D4B84FB971FF90E7D5728CE /* Pods_CTC.framework in Frameworks */,
				1A62B81F26658BF60025D92C /* IQKeyboardManagerSwift in Frameworks */,
			);
			runOnlyForDeploymentPostprocessing = 0;
		};
/* End PBXFrameworksBuildPhase section */

/* Begin PBXGroup section */
		1AACDE062668751D00A1877D /* Home Tab */ = {
			isa = PBXGroup;
			children = (
				26BBA84E268A4D94009D1E20 /* Home Tab TableViewCells */,
				26C76571267456F500BD646E /* AddPracticesViewController.swift */,
				263FEE8D2675C62500EAEDCC /* ActivityDetailsViewController.swift */,
				E18EDF1421F9081F009B18B1 /* HomeViewController.swift */,
				1ABC96E2267B16BA0021195F /* ReminderViewController.swift */,
				1ABB939D26828C23007EF555 /* PopUpReminder.swift */,
			);
			path = "Home Tab";
			sourceTree = "<group>";
		};
		1AACDE072668759000A1877D /* More Tab */ = {
			isa = PBXGroup;
			children = (
				26BBA852268A4ED5009D1E20 /* More Tab TableView and CollectionView Cells */,
				1AACDE0B2668777A00A1877D /* Profile View */,
				E16BBC6221F638D60094D8B6 /* MorePageViewController.swift */,
				263F60F22681474F00B4908E /* HowToUseAppViewController.swift */,
				E10D6674226F6F7900C0E4D8 /* faqViewController.swift */,
				E10D6676226F7D7200C0E4D8 /* AboutUsViewController.swift */,
				26DE85DA26701F0A00994DA3 /* CircularProgressBarView.swift */,
				2623EF9D2670852900951285 /* PrivacyPolicyViewController.swift */,
				2655D9B0268300E8004EF7AD /* ConnectToUsViewController.swift */,
			);
			path = "More Tab";
			sourceTree = "<group>";
		};
		1AACDE092668767400A1877D /* Login Views */ = {
			isa = PBXGroup;
			children = (
				1A62B82026659CD70025D92C /* MainViewController.swift */,
				E11037BA21E6602E007BBEF1 /* LoginViewController.swift */,
				E11037BC21E6607C007BBEF1 /* SignUpViewController.swift */,
				26C197FB268286D5003A6D88 /* ResetPasswordViewController.swift */,
			);
			path = "Login Views";
			sourceTree = "<group>";
		};
		1AACDE0A2668775900A1877D /* TrackRecord Tab */ = {
			isa = PBXGroup;
			children = (
				26BBA850268A4E29009D1E20 /* Track Records Tab TableView Cells */,
				E1383D7B21E7835800F8597F /* ShowRecordViewController.swift */,
				E1F6EBB621ED04390022F1A3 /* CircularViewController.swift */,
				1AA35F852671B41F00BA918F /* PracticesRecordListVC.swift */,
				1AA35F872671F31600BA918F /* ActivityProgressVC.swift */,
			);
			path = "TrackRecord Tab";
			sourceTree = "<group>";
		};
		1AACDE0B2668777A00A1877D /* Profile View */ = {
			isa = PBXGroup;
			children = (
				26BBA851268A4EAF009D1E20 /* Profile View Cells */,
				2626A119267AB49F0043C193 /* ProfilePageViewController.swift */,
			);
			path = "Profile View";
			sourceTree = "<group>";
		};
		1AC4CAD126533EC9008B2555 /* ViewControllers */ = {
			isa = PBXGroup;
			children = (
				1AACDE092668767400A1877D /* Login Views */,
				26BBA84D268A4B1E009D1E20 /* Tab Bar */,
				1AACDE062668751D00A1877D /* Home Tab */,
				26BBA84B268A4A17009D1E20 /* History Tab */,
				1AACDE0A2668775900A1877D /* TrackRecord Tab */,
				26BBA84C268A4A9F009D1E20 /* Books Tab */,
				1AACDE072668759000A1877D /* More Tab */,
			);
			path = ViewControllers;
			sourceTree = "<group>";
		};
		1AC4CAD22653403A008B2555 /* Database */ = {
			isa = PBXGroup;
			children = (
				1A3FA243266A2C6C003A96A4 /* UserPractices.swift */,
				E1BFA72F2236B211005AB2D9 /* DatabaseHelper.swift */,
				1A3FA23F2669FC91003A96A4 /* CurrentUser.swift */,
				1A3FA24B266E924B003A96A4 /* UserPracticesData.swift */,
				1A55439626811583000C5FFF /* PracticeReminders.swift */,
				1A2E9B8C2689EBC2005587FA /* FirebaseDataManager.swift */,
				1A2E9B90268AA6A2005587FA /* PracticedHistory.swift */,
				1AE8AF05269FAC96004E9229 /* UserModel.swift */,
				1AC8FD0D26B0B15E00B1685D /* PracticeNotes.swift */,
			);
			path = Database;
			sourceTree = "<group>";
		};
		1AC4CAD32653407C008B2555 /* Design */ = {
			isa = PBXGroup;
			children = (
				2623EF9526705B6100951285 /* StataticsViewProgressBar.swift */,
				E1E7D5742204CD27003C65F5 /* Extensions.swift */,
				E147F43721FF716D00FFB8BB /* Theme.swift */,
			);
			path = Design;
			sourceTree = "<group>";
		};
		1AD65E61264DED4900CD9974 /* Storyboard */ = {
			isa = PBXGroup;
			children = (
				1AD65E7C264E32CA00CD9974 /* Login.storyboard */,
				1AD65E7E264E357D00CD9974 /* TabVC.storyboard */,
				26CAE0972685886500A54802 /* History.storyboard */,
				1AD65E82264E449900CD9974 /* TrackRecord.storyboard */,
				1AD65E80264E412800CD9974 /* Home.storyboard */,
				1AD65E84264E45A400CD9974 /* Books.storyboard */,
				1AD65E86264E466C00CD9974 /* More.storyboard */,
			);
			path = Storyboard;
			sourceTree = "<group>";
		};
		262946DE26601F73005BA95E /* Helpers */ = {
			isa = PBXGroup;
			children = (
				262946DF26601F8B005BA95E /* Constants.swift */,
				262946E126601F99005BA95E /* Utilities.swift */,
				E11752D82217486F0089B852 /* ToastLabel.swift */,
				E1F3094621FB855F008ADE9D /* AnimationLabel.swift */,
				1A56C151267A465B00E6D18E /* NotificationManager.swift */,
				26DE85D826701EA700994DA3 /* CircularProgressView.swift */,
			);
			path = Helpers;
			sourceTree = "<group>";
		};
		26BBA84B268A4A17009D1E20 /* History Tab */ = {
			isa = PBXGroup;
			children = (
				26A2153C268D1FEE00B581BC /* PracticeHistoryViewController.swift */,
				26A2153E268D201100B581BC /* PracticeHistoryCollectionViewCell.swift */,
			);
			path = "History Tab";
			sourceTree = "<group>";
		};
		26BBA84C268A4A9F009D1E20 /* Books Tab */ = {
			isa = PBXGroup;
			children = (
				263F60EE2681240D00B4908E /* ShopBooksViewController.swift */,
				263F60F02681272400B4908E /* ShopBooksCollectionViewCell.swift */,
			);
			path = "Books Tab";
			sourceTree = "<group>";
		};
		26BBA84D268A4B1E009D1E20 /* Tab Bar */ = {
			isa = PBXGroup;
			children = (
				E154CB92221F0B29007ACAC3 /* MaintabBarViewController.swift */,
				26CAE0952685870F00A54802 /* TabBarViewController.swift */,
				1AACDE0E2668787400A1877D /* LoginOpitonViewController.swift */,
				1AACDE0C2668783400A1877D /* MainNavigationController.swift */,
			);
			path = "Tab Bar";
			sourceTree = "<group>";
		};
		26BBA84E268A4D94009D1E20 /* Home Tab TableViewCells */ = {
			isa = PBXGroup;
			children = (
				1AE94EFC2675FEF500DB9579 /* HomeVCCell.swift */,
				E179F52E21F2476A00FBD293 /* HomeTableViewCell.swift */,
				1A554390267BB109000C5FFF /* ReminderTableViewCell.swift */,
			);
			path = "Home Tab TableViewCells";
			sourceTree = "<group>";
		};
		26BBA850268A4E29009D1E20 /* Track Records Tab TableView Cells */ = {
			isa = PBXGroup;
			children = (
				1AA35F832671B0E100BA918F /* PracticesListCell.swift */,
				1AA35F892671FA6900BA918F /* ActivityProgressCell.swift */,
			);
			path = "Track Records Tab TableView Cells";
			sourceTree = "<group>";
		};
		26BBA851268A4EAF009D1E20 /* Profile View Cells */ = {
			isa = PBXGroup;
			children = (
				E18169B42200EC97002EE49F /* ProfileDataTableViewCell.swift */,
				E18169B82201042C002EE49F /* ProfileHeaderCell.swift */,
			);
			path = "Profile View Cells";
			sourceTree = "<group>";
		};
		26BBA852268A4ED5009D1E20 /* More Tab TableView and CollectionView Cells */ = {
			isa = PBXGroup;
			children = (
				E18EDF1021F8BC08009B18B1 /* MorePageTableViewCell.swift */,
				26DE85D626701BBA00994DA3 /* ActivityTrackTableViewCell.swift */,
				E10D6672226F6F0700C0E4D8 /* faqTableViewCell.swift */,
				263F60F42681476D00B4908E /* HowToUseCollectionViewCell.swift */,
				2623EF9B2670850500951285 /* PrivacyPolicyTableViewCell.swift */,
				E10D6678226F7D8E00C0E4D8 /* AboutUsTableViewCell.swift */,
			);
			path = "More Tab TableView and CollectionView Cells";
			sourceTree = "<group>";
		};
		D41E64161121D26A09DACC1B /* Frameworks */ = {
			isa = PBXGroup;
			children = (
				1ACD671A26A56AC600FC7612 /* AuthenticationServices.framework */,
				9A5F178E0D56A7109313F1D6 /* Pods_CTC.framework */,
			);
			name = Frameworks;
			sourceTree = "<group>";
		};
		E11D15092236AE1A000209B9 /* TableViewCells */ = {
			isa = PBXGroup;
			children = (
				E1383D7D21E7903800F8597F /* ShowPercentageCell.swift */,
				E1383D7F21E7905000F8597F /* DataHeaderCell.swift */,
				E1383D8121E7905D00F8597F /* DataCell.swift */,
				E16DBD22225D3BD80056D864 /* RecordTableSectionZeroTableViewCell.swift */,
			);
			path = TableViewCells;
			sourceTree = "<group>";
		};
		E179F53821F294A600FBD293 /* Images */ = {
			isa = PBXGroup;
			children = (
				262726F526958B2C00A80028 /* 1.png */,
				262726EC26958B2B00A80028 /* 2.png */,
				262726EF26958B2B00A80028 /* 3.png */,
				262726F226958B2C00A80028 /* 4.png */,
				262726ED26958B2B00A80028 /* 5.png */,
				262726EE26958B2B00A80028 /* 6.png */,
				262726F626958B2C00A80028 /* 7.png */,
				262726F126958B2C00A80028 /* 8.png */,
				262726F026958B2B00A80028 /* 9.png */,
				262726F426958B2C00A80028 /* 10.png */,
				262726F326958B2C00A80028 /* 11.png */,
				E133554322665FDD00C3E0CF /* FinalLogo.png */,
			);
			path = Images;
			sourceTree = "<group>";
		};
		E189D67921E4FA430078380B = {
			isa = PBXGroup;
			children = (
				E189D68421E4FA430078380B /* CTC */,
				E189D68321E4FA430078380B /* Products */,
				E86C330F1734D1E911B785E2 /* Pods */,
				D41E64161121D26A09DACC1B /* Frameworks */,
			);
			sourceTree = "<group>";
		};
		E189D68321E4FA430078380B /* Products */ = {
			isa = PBXGroup;
			children = (
				E189D68221E4FA430078380B /* CTC.app */,
			);
			name = Products;
			sourceTree = "<group>";
		};
		E189D68421E4FA430078380B /* CTC */ = {
			isa = PBXGroup;
			children = (
				E189D68521E4FA430078380B /* AppDelegate.swift */,
				1AD65E61264DED4900CD9974 /* Storyboard */,
				1AC4CAD22653403A008B2555 /* Database */,
				262946DE26601F73005BA95E /* Helpers */,
				E1F63FBC220B8C3A0001FC6D /* Models */,
				1AC4CAD126533EC9008B2555 /* ViewControllers */,
				E179F53821F294A600FBD293 /* Images */,
				1AC4CAD32653407C008B2555 /* Design */,
				E11D15092236AE1A000209B9 /* TableViewCells */,
				E189D68F21E4FA450078380B /* Assets.xcassets */,
				E189D69121E4FA450078380B /* LaunchScreen.storyboard */,
				26229B182697A3810019D2D0 /* LaunchScreenAnimationViewController.swift */,
				E189D69421E4FA450078380B /* Info.plist */,
				1A2E9B99268F4150005587FA /* GoogleService-Info.plist */,
				E189D68C21E4FA430078380B /* CTC.xcdatamodeld */,
				E15E290021EFA76900F2177F /* Icons.xcassets */,
			);
			path = CTC;
			sourceTree = "<group>";
		};
		E1F63FBC220B8C3A0001FC6D /* Models */ = {
			isa = PBXGroup;
			children = (
				E169CA55225BAA8700A100A6 /* WeeklyData+CoreDataClass.swift */,
				E169CA56225BAA8700A100A6 /* WeeklyData+CoreDataProperties.swift */,
				E1029A40223ABE9100207D55 /* PracticeHistory+CoreDataClass.swift */,
				E1029A41223ABE9100207D55 /* PracticeHistory+CoreDataProperties.swift */,
				E1E2EEEE223064C3002046E7 /* Practice+CoreDataProperties.swift */,
				E107B9F3222705890014C539 /* User+CoreDataProperties.swift */,
				E1A2CF80221FDAA6009085C9 /* PracticeData+CoreDataProperties.swift */,
				E1F63FBD220B8C560001FC6D /* PracticeData+CoreDataClass.swift */,
				E1F63FBF220B8C560001FC6D /* Practice+CoreDataClass.swift */,
				E1F63FC1220B8C560001FC6D /* User+CoreDataClass.swift */,
				1A554392267C3D46000C5FFF /* Reminder.swift */,
				1A554394267C3DA9000C5FFF /* Reminder+CoreProperties.swift */,
				1AC8FD0926B0A85D00B1685D /* Notes.swift */,
				1AC8FD0B26B0A87D00B1685D /* Notes+CoreDataProperties.swift */,
			);
			path = Models;
			sourceTree = "<group>";
		};
		E86C330F1734D1E911B785E2 /* Pods */ = {
			isa = PBXGroup;
			children = (
				844AA35F4ACF0ABF3EE6D56D /* Pods-CTC.debug.xcconfig */,
				FB7AA6C23E171863E575DEDB /* Pods-CTC.release.xcconfig */,
			);
			name = Pods;
			sourceTree = "<group>";
		};
/* End PBXGroup section */

/* Begin PBXNativeTarget section */
		E189D68121E4FA430078380B /* CTC */ = {
			isa = PBXNativeTarget;
			buildConfigurationList = E189D69721E4FA450078380B /* Build configuration list for PBXNativeTarget "CTC" */;
			buildPhases = (
				A9874A34352A2D481B0C322A /* [CP] Check Pods Manifest.lock */,
				E189D67E21E4FA430078380B /* Sources */,
				E189D67F21E4FA430078380B /* Frameworks */,
				E189D68021E4FA430078380B /* Resources */,
				ED23034F08F84536C4D1F076 /* [CP] Embed Pods Frameworks */,
			);
			buildRules = (
			);
			dependencies = (
			);
			name = CTC;
			packageProductDependencies = (
				1A62B81E26658BF60025D92C /* IQKeyboardManagerSwift */,
			);
			productName = CTC;
			productReference = E189D68221E4FA430078380B /* CTC.app */;
			productType = "com.apple.product-type.application";
		};
/* End PBXNativeTarget section */

/* Begin PBXProject section */
		E189D67A21E4FA430078380B /* Project object */ = {
			isa = PBXProject;
			attributes = {
				LastSwiftUpdateCheck = 1010;
				LastUpgradeCheck = 1250;
				ORGANIZATIONNAME = ConnectToTheCore;
				TargetAttributes = {
					E189D68121E4FA430078380B = {
						CreatedOnToolsVersion = 10.1;
						LastSwiftMigration = 1250;
						SystemCapabilities = {
							com.apple.BackgroundModes = {
								enabled = 0;
							};
						};
					};
				};
			};
			buildConfigurationList = E189D67D21E4FA430078380B /* Build configuration list for PBXProject "CTC" */;
			compatibilityVersion = "Xcode 9.3";
			developmentRegion = en;
			hasScannedForEncodings = 0;
			knownRegions = (
				en,
				Base,
			);
			mainGroup = E189D67921E4FA430078380B;
			packageReferences = (
				1A62B81D26658BF60025D92C /* XCRemoteSwiftPackageReference "IQKeyboardManager" */,
			);
			productRefGroup = E189D68321E4FA430078380B /* Products */;
			projectDirPath = "";
			projectRoot = "";
			targets = (
				E189D68121E4FA430078380B /* CTC */,
			);
		};
/* End PBXProject section */

/* Begin PBXResourcesBuildPhase section */
		E189D68021E4FA430078380B /* Resources */ = {
			isa = PBXResourcesBuildPhase;
			buildActionMask = 2147483647;
			files = (
				262726F726958B2C00A80028 /* 2.png in Resources */,
				1AD65E87264E466C00CD9974 /* More.storyboard in Resources */,
				1AD65E85264E45A400CD9974 /* Books.storyboard in Resources */,
				E189D69321E4FA450078380B /* LaunchScreen.storyboard in Resources */,
				26CAE0982685886500A54802 /* History.storyboard in Resources */,
				E189D69021E4FA450078380B /* Assets.xcassets in Resources */,
				262726FC26958B2C00A80028 /* 8.png in Resources */,
				1AD65E81264E412800CD9974 /* Home.storyboard in Resources */,
				262726FF26958B2C00A80028 /* 10.png in Resources */,
				E133554422665FDD00C3E0CF /* FinalLogo.png in Resources */,
				1A2E9B9A268F4150005587FA /* GoogleService-Info.plist in Resources */,
				2627270026958B2C00A80028 /* 1.png in Resources */,
				262726FB26958B2C00A80028 /* 9.png in Resources */,
				262726F926958B2C00A80028 /* 6.png in Resources */,
				1AD65E7F264E357D00CD9974 /* TabVC.storyboard in Resources */,
				262726FD26958B2C00A80028 /* 4.png in Resources */,
				2627270126958B2C00A80028 /* 7.png in Resources */,
				262726FA26958B2C00A80028 /* 3.png in Resources */,
				262726FE26958B2C00A80028 /* 11.png in Resources */,
				1AD65E83264E449900CD9974 /* TrackRecord.storyboard in Resources */,
				262726F826958B2C00A80028 /* 5.png in Resources */,
				E15E290121EFA76900F2177F /* Icons.xcassets in Resources */,
				1AD65E7D264E32CA00CD9974 /* Login.storyboard in Resources */,
			);
			runOnlyForDeploymentPostprocessing = 0;
		};
/* End PBXResourcesBuildPhase section */

/* Begin PBXShellScriptBuildPhase section */
		A9874A34352A2D481B0C322A /* [CP] Check Pods Manifest.lock */ = {
			isa = PBXShellScriptBuildPhase;
			buildActionMask = 2147483647;
			files = (
			);
			inputPaths = (
				"${PODS_PODFILE_DIR_PATH}/Podfile.lock",
				"${PODS_ROOT}/Manifest.lock",
			);
			name = "[CP] Check Pods Manifest.lock";
			outputPaths = (
				"$(DERIVED_FILE_DIR)/Pods-CTC-checkManifestLockResult.txt",
			);
			runOnlyForDeploymentPostprocessing = 0;
			shellPath = /bin/sh;
			shellScript = "diff \"${PODS_PODFILE_DIR_PATH}/Podfile.lock\" \"${PODS_ROOT}/Manifest.lock\" > /dev/null\nif [ $? != 0 ] ; then\n    # print error to STDERR\n    echo \"error: The sandbox is not in sync with the Podfile.lock. Run 'pod install' or update your CocoaPods installation.\" >&2\n    exit 1\nfi\n# This output is used by Xcode 'outputs' to avoid re-running this script phase.\necho \"SUCCESS\" > \"${SCRIPT_OUTPUT_FILE_0}\"\n";
			showEnvVarsInLog = 0;
		};
		ED23034F08F84536C4D1F076 /* [CP] Embed Pods Frameworks */ = {
			isa = PBXShellScriptBuildPhase;
			buildActionMask = 2147483647;
			files = (
			);
			inputFileListPaths = (
				"${PODS_ROOT}/Target Support Files/Pods-CTC/Pods-CTC-frameworks-${CONFIGURATION}-input-files.xcfilelist",
			);
			name = "[CP] Embed Pods Frameworks";
			outputFileListPaths = (
				"${PODS_ROOT}/Target Support Files/Pods-CTC/Pods-CTC-frameworks-${CONFIGURATION}-output-files.xcfilelist",
			);
			runOnlyForDeploymentPostprocessing = 0;
			shellPath = /bin/sh;
			shellScript = "\"${PODS_ROOT}/Target Support Files/Pods-CTC/Pods-CTC-frameworks.sh\"\n";
			showEnvVarsInLog = 0;
		};
/* End PBXShellScriptBuildPhase section */

/* Begin PBXSourcesBuildPhase section */
		E189D67E21E4FA430078380B /* Sources */ = {
			isa = PBXSourcesBuildPhase;
			buildActionMask = 2147483647;
			files = (
				E1F63FC7220B8C560001FC6D /* User+CoreDataClass.swift in Sources */,
				1A3FA24C266E924B003A96A4 /* UserPracticesData.swift in Sources */,
				1AC8FD0E26B0B15E00B1685D /* PracticeNotes.swift in Sources */,
				E1A2CF83221FDAA6009085C9 /* PracticeData+CoreDataProperties.swift in Sources */,
				1AACDE0F2668787400A1877D /* LoginOpitonViewController.swift in Sources */,
				E1383D7C21E7835800F8597F /* ShowRecordViewController.swift in Sources */,
				26C197FC268286D5003A6D88 /* ResetPasswordViewController.swift in Sources */,
				E10D6673226F6F0700C0E4D8 /* faqTableViewCell.swift in Sources */,
				E18169B92201042C002EE49F /* ProfileHeaderCell.swift in Sources */,
				E1029A43223ABE9100207D55 /* PracticeHistory+CoreDataProperties.swift in Sources */,
				26DE85D926701EA700994DA3 /* CircularProgressView.swift in Sources */,
				E189D68E21E4FA430078380B /* CTC.xcdatamodeld in Sources */,
				1A3FA2402669FC92003A96A4 /* CurrentUser.swift in Sources */,
				1AA35F882671F31600BA918F /* ActivityProgressVC.swift in Sources */,
				1ABB939E26828C23007EF555 /* PopUpReminder.swift in Sources */,
				1AACDE0D2668783400A1877D /* MainNavigationController.swift in Sources */,
				1AE8AF06269FAC96004E9229 /* UserModel.swift in Sources */,
				263F60F52681476D00B4908E /* HowToUseCollectionViewCell.swift in Sources */,
				E18EDF1521F9081F009B18B1 /* HomeViewController.swift in Sources */,
				26A2153F268D201100B581BC /* PracticeHistoryCollectionViewCell.swift in Sources */,
				1A56C152267A465B00E6D18E /* NotificationManager.swift in Sources */,
				E10D6679226F7D8E00C0E4D8 /* AboutUsTableViewCell.swift in Sources */,
				2626A11A267AB49F0043C193 /* ProfilePageViewController.swift in Sources */,
				263F60EF2681240D00B4908E /* ShopBooksViewController.swift in Sources */,
				E1BFA7302236B211005AB2D9 /* DatabaseHelper.swift in Sources */,
				26CAE0962685870F00A54802 /* TabBarViewController.swift in Sources */,
				1A2E9B8D2689EBC2005587FA /* FirebaseDataManager.swift in Sources */,
				263FEE8E2675C62500EAEDCC /* ActivityDetailsViewController.swift in Sources */,
				E1383D7E21E7903800F8597F /* ShowPercentageCell.swift in Sources */,
				26229B192697A3810019D2D0 /* LaunchScreenAnimationViewController.swift in Sources */,
				1A554393267C3D46000C5FFF /* Reminder.swift in Sources */,
				1AC8FD0C26B0A87D00B1685D /* Notes+CoreDataProperties.swift in Sources */,
				1A554391267BB109000C5FFF /* ReminderTableViewCell.swift in Sources */,
				E16DBD23225D3BD80056D864 /* RecordTableSectionZeroTableViewCell.swift in Sources */,
				1A62B82126659CD70025D92C /* MainViewController.swift in Sources */,
				E1383D8021E7905000F8597F /* DataHeaderCell.swift in Sources */,
				E179F52F21F2476A00FBD293 /* HomeTableViewCell.swift in Sources */,
				E10D6677226F7D7200C0E4D8 /* AboutUsViewController.swift in Sources */,
				E1E2EEEF223064C3002046E7 /* Practice+CoreDataProperties.swift in Sources */,
				E1E7D5752204CD27003C65F5 /* Extensions.swift in Sources */,
				1AA35F842671B0E100BA918F /* PracticesListCell.swift in Sources */,
				E1383D8221E7905D00F8597F /* DataCell.swift in Sources */,
				E1F63FC3220B8C560001FC6D /* PracticeData+CoreDataClass.swift in Sources */,
				E107B9F4222705890014C539 /* User+CoreDataProperties.swift in Sources */,
				E147F43821FF716D00FFB8BB /* Theme.swift in Sources */,
				1AC8FD0A26B0A85D00B1685D /* Notes.swift in Sources */,
				263F60F12681272400B4908E /* ShopBooksCollectionViewCell.swift in Sources */,
				1AE94EFD2675FEF500DB9579 /* HomeVCCell.swift in Sources */,
				E189D68621E4FA430078380B /* AppDelegate.swift in Sources */,
				E169CA57225BAA8700A100A6 /* WeeklyData+CoreDataClass.swift in Sources */,
				E18EDF1121F8BC08009B18B1 /* MorePageTableViewCell.swift in Sources */,
				262946E026601F8B005BA95E /* Constants.swift in Sources */,
				26C76572267456F500BD646E /* AddPracticesViewController.swift in Sources */,
				1A55439726811583000C5FFF /* PracticeReminders.swift in Sources */,
				E154CB93221F0B29007ACAC3 /* MaintabBarViewController.swift in Sources */,
				26DE85D726701BBA00994DA3 /* ActivityTrackTableViewCell.swift in Sources */,
				1AA35F862671B41F00BA918F /* PracticesRecordListVC.swift in Sources */,
				E1F3094721FB8560008ADE9D /* AnimationLabel.swift in Sources */,
				1A554395267C3DA9000C5FFF /* Reminder+CoreProperties.swift in Sources */,
				1ABC96E3267B16BA0021195F /* ReminderViewController.swift in Sources */,
				2655D9B1268300E8004EF7AD /* ConnectToUsViewController.swift in Sources */,
				26A2153D268D1FEE00B581BC /* PracticeHistoryViewController.swift in Sources */,
				E11752D92217486F0089B852 /* ToastLabel.swift in Sources */,
				E1029A42223ABE9100207D55 /* PracticeHistory+CoreDataClass.swift in Sources */,
				E10D6675226F6F7900C0E4D8 /* faqViewController.swift in Sources */,
				E16BBC6321F638D60094D8B6 /* MorePageViewController.swift in Sources */,
				26DE85DB26701F0A00994DA3 /* CircularProgressBarView.swift in Sources */,
				E11037BB21E6602E007BBEF1 /* LoginViewController.swift in Sources */,
				2623EF9C2670850500951285 /* PrivacyPolicyTableViewCell.swift in Sources */,
				262946E226601F99005BA95E /* Utilities.swift in Sources */,
				1A2E9B91268AA6A2005587FA /* PracticedHistory.swift in Sources */,
				263F60F32681474F00B4908E /* HowToUseAppViewController.swift in Sources */,
				1A3FA244266A2C6C003A96A4 /* UserPractices.swift in Sources */,
				2623EF9626705B6100951285 /* StataticsViewProgressBar.swift in Sources */,
				E169CA58225BAA8700A100A6 /* WeeklyData+CoreDataProperties.swift in Sources */,
				E18169B52200EC97002EE49F /* ProfileDataTableViewCell.swift in Sources */,
				E1F63FC5220B8C560001FC6D /* Practice+CoreDataClass.swift in Sources */,
				E11037BD21E6607C007BBEF1 /* SignUpViewController.swift in Sources */,
				1AA35F8A2671FA6900BA918F /* ActivityProgressCell.swift in Sources */,
				E1F6EBB721ED04390022F1A3 /* CircularViewController.swift in Sources */,
				2623EF9E2670852900951285 /* PrivacyPolicyViewController.swift in Sources */,
			);
			runOnlyForDeploymentPostprocessing = 0;
		};
/* End PBXSourcesBuildPhase section */

/* Begin PBXVariantGroup section */
		E189D69121E4FA450078380B /* LaunchScreen.storyboard */ = {
			isa = PBXVariantGroup;
			children = (
				E189D69221E4FA450078380B /* Base */,
			);
			name = LaunchScreen.storyboard;
			sourceTree = "<group>";
		};
/* End PBXVariantGroup section */

/* Begin XCBuildConfiguration section */
		E189D69521E4FA450078380B /* Debug */ = {
			isa = XCBuildConfiguration;
			buildSettings = {
				ALWAYS_SEARCH_USER_PATHS = NO;
				CLANG_ANALYZER_NONNULL = YES;
				CLANG_ANALYZER_NUMBER_OBJECT_CONVERSION = YES_AGGRESSIVE;
				CLANG_CXX_LANGUAGE_STANDARD = "gnu++14";
				CLANG_CXX_LIBRARY = "libc++";
				CLANG_ENABLE_MODULES = YES;
				CLANG_ENABLE_OBJC_ARC = YES;
				CLANG_ENABLE_OBJC_WEAK = YES;
				CLANG_WARN_BLOCK_CAPTURE_AUTORELEASING = YES;
				CLANG_WARN_BOOL_CONVERSION = YES;
				CLANG_WARN_COMMA = YES;
				CLANG_WARN_CONSTANT_CONVERSION = YES;
				CLANG_WARN_DEPRECATED_OBJC_IMPLEMENTATIONS = YES;
				CLANG_WARN_DIRECT_OBJC_ISA_USAGE = YES_ERROR;
				CLANG_WARN_DOCUMENTATION_COMMENTS = YES;
				CLANG_WARN_EMPTY_BODY = YES;
				CLANG_WARN_ENUM_CONVERSION = YES;
				CLANG_WARN_INFINITE_RECURSION = YES;
				CLANG_WARN_INT_CONVERSION = YES;
				CLANG_WARN_NON_LITERAL_NULL_CONVERSION = YES;
				CLANG_WARN_OBJC_IMPLICIT_RETAIN_SELF = YES;
				CLANG_WARN_OBJC_LITERAL_CONVERSION = YES;
				CLANG_WARN_OBJC_ROOT_CLASS = YES_ERROR;
				CLANG_WARN_QUOTED_INCLUDE_IN_FRAMEWORK_HEADER = YES;
				CLANG_WARN_RANGE_LOOP_ANALYSIS = YES;
				CLANG_WARN_STRICT_PROTOTYPES = YES;
				CLANG_WARN_SUSPICIOUS_MOVE = YES;
				CLANG_WARN_UNGUARDED_AVAILABILITY = YES_AGGRESSIVE;
				CLANG_WARN_UNREACHABLE_CODE = YES;
				CLANG_WARN__DUPLICATE_METHOD_MATCH = YES;
				CODE_SIGN_IDENTITY = "iPhone Developer";
				COPY_PHASE_STRIP = NO;
				DEBUG_INFORMATION_FORMAT = dwarf;
				ENABLE_STRICT_OBJC_MSGSEND = YES;
				ENABLE_TESTABILITY = YES;
				GCC_C_LANGUAGE_STANDARD = gnu11;
				GCC_DYNAMIC_NO_PIC = NO;
				GCC_NO_COMMON_BLOCKS = YES;
				GCC_OPTIMIZATION_LEVEL = 0;
				GCC_PREPROCESSOR_DEFINITIONS = (
					"DEBUG=1",
					"$(inherited)",
				);
				GCC_WARN_64_TO_32_BIT_CONVERSION = YES;
				GCC_WARN_ABOUT_RETURN_TYPE = YES_ERROR;
				GCC_WARN_UNDECLARED_SELECTOR = YES;
				GCC_WARN_UNINITIALIZED_AUTOS = YES_AGGRESSIVE;
				GCC_WARN_UNUSED_FUNCTION = YES;
				GCC_WARN_UNUSED_VARIABLE = YES;
				IPHONEOS_DEPLOYMENT_TARGET = 12.1;
				MTL_ENABLE_DEBUG_INFO = INCLUDE_SOURCE;
				MTL_FAST_MATH = YES;
				ONLY_ACTIVE_ARCH = YES;
				SDKROOT = iphoneos;
				SWIFT_ACTIVE_COMPILATION_CONDITIONS = DEBUG;
				SWIFT_OPTIMIZATION_LEVEL = "-Onone";
			};
			name = Debug;
		};
		E189D69621E4FA450078380B /* Release */ = {
			isa = XCBuildConfiguration;
			buildSettings = {
				ALWAYS_SEARCH_USER_PATHS = NO;
				CLANG_ANALYZER_NONNULL = YES;
				CLANG_ANALYZER_NUMBER_OBJECT_CONVERSION = YES_AGGRESSIVE;
				CLANG_CXX_LANGUAGE_STANDARD = "gnu++14";
				CLANG_CXX_LIBRARY = "libc++";
				CLANG_ENABLE_MODULES = YES;
				CLANG_ENABLE_OBJC_ARC = YES;
				CLANG_ENABLE_OBJC_WEAK = YES;
				CLANG_WARN_BLOCK_CAPTURE_AUTORELEASING = YES;
				CLANG_WARN_BOOL_CONVERSION = YES;
				CLANG_WARN_COMMA = YES;
				CLANG_WARN_CONSTANT_CONVERSION = YES;
				CLANG_WARN_DEPRECATED_OBJC_IMPLEMENTATIONS = YES;
				CLANG_WARN_DIRECT_OBJC_ISA_USAGE = YES_ERROR;
				CLANG_WARN_DOCUMENTATION_COMMENTS = YES;
				CLANG_WARN_EMPTY_BODY = YES;
				CLANG_WARN_ENUM_CONVERSION = YES;
				CLANG_WARN_INFINITE_RECURSION = YES;
				CLANG_WARN_INT_CONVERSION = YES;
				CLANG_WARN_NON_LITERAL_NULL_CONVERSION = YES;
				CLANG_WARN_OBJC_IMPLICIT_RETAIN_SELF = YES;
				CLANG_WARN_OBJC_LITERAL_CONVERSION = YES;
				CLANG_WARN_OBJC_ROOT_CLASS = YES_ERROR;
				CLANG_WARN_QUOTED_INCLUDE_IN_FRAMEWORK_HEADER = YES;
				CLANG_WARN_RANGE_LOOP_ANALYSIS = YES;
				CLANG_WARN_STRICT_PROTOTYPES = YES;
				CLANG_WARN_SUSPICIOUS_MOVE = YES;
				CLANG_WARN_UNGUARDED_AVAILABILITY = YES_AGGRESSIVE;
				CLANG_WARN_UNREACHABLE_CODE = YES;
				CLANG_WARN__DUPLICATE_METHOD_MATCH = YES;
				CODE_SIGN_IDENTITY = "iPhone Developer";
				COPY_PHASE_STRIP = NO;
				DEBUG_INFORMATION_FORMAT = "dwarf-with-dsym";
				ENABLE_NS_ASSERTIONS = NO;
				ENABLE_STRICT_OBJC_MSGSEND = YES;
				GCC_C_LANGUAGE_STANDARD = gnu11;
				GCC_NO_COMMON_BLOCKS = YES;
				GCC_WARN_64_TO_32_BIT_CONVERSION = YES;
				GCC_WARN_ABOUT_RETURN_TYPE = YES_ERROR;
				GCC_WARN_UNDECLARED_SELECTOR = YES;
				GCC_WARN_UNINITIALIZED_AUTOS = YES_AGGRESSIVE;
				GCC_WARN_UNUSED_FUNCTION = YES;
				GCC_WARN_UNUSED_VARIABLE = YES;
				IPHONEOS_DEPLOYMENT_TARGET = 12.1;
				MTL_ENABLE_DEBUG_INFO = NO;
				MTL_FAST_MATH = YES;
				SDKROOT = iphoneos;
				SWIFT_COMPILATION_MODE = wholemodule;
				SWIFT_OPTIMIZATION_LEVEL = "-O";
				VALIDATE_PRODUCT = YES;
			};
			name = Release;
		};
		E189D69821E4FA450078380B /* Debug */ = {
			isa = XCBuildConfiguration;
			baseConfigurationReference = 844AA35F4ACF0ABF3EE6D56D /* Pods-CTC.debug.xcconfig */;
			buildSettings = {
				ASSETCATALOG_COMPILER_APPICON_NAME = AppIcon;
				CODE_SIGN_ENTITLEMENTS = CTC/CTC.entitlements;
				CODE_SIGN_IDENTITY = "Apple Development";
				CODE_SIGN_STYLE = Automatic;
				CURRENT_PROJECT_VERSION = 7.3;
				DEVELOPMENT_TEAM = RP2W7V2ZKT;
				INFOPLIST_FILE = CTC/Info.plist;
				LD_RUNPATH_SEARCH_PATHS = (
					"$(inherited)",
					"@executable_path/Frameworks",
				);
				MARKETING_VERSION = 3.0;
				PRODUCT_BUNDLE_IDENTIFIER = com.201DAP.app;
				PRODUCT_NAME = "$(TARGET_NAME)";
				PROVISIONING_PROFILE_SPECIFIER = "";
				SWIFT_VERSION = 5.0;
				TARGETED_DEVICE_FAMILY = "1,2";
			};
			name = Debug;
		};
		E189D69921E4FA450078380B /* Release */ = {
			isa = XCBuildConfiguration;
			baseConfigurationReference = FB7AA6C23E171863E575DEDB /* Pods-CTC.release.xcconfig */;
			buildSettings = {
				ASSETCATALOG_COMPILER_APPICON_NAME = AppIcon;
				CODE_SIGN_ENTITLEMENTS = CTC/CTC.entitlements;
				CODE_SIGN_IDENTITY = "Apple Development";
				CODE_SIGN_STYLE = Automatic;
				CURRENT_PROJECT_VERSION = 7.3;
				DEVELOPMENT_TEAM = RP2W7V2ZKT;
				INFOPLIST_FILE = CTC/Info.plist;
				LD_RUNPATH_SEARCH_PATHS = (
					"$(inherited)",
					"@executable_path/Frameworks",
				);
				MARKETING_VERSION = 3.0;
				PRODUCT_BUNDLE_IDENTIFIER = com.201DAP.app;
				PRODUCT_NAME = "$(TARGET_NAME)";
				PROVISIONING_PROFILE_SPECIFIER = "";
				SWIFT_VERSION = 5.0;
				TARGETED_DEVICE_FAMILY = "1,2";
			};
			name = Release;
		};
/* End XCBuildConfiguration section */

/* Begin XCConfigurationList section */
		E189D67D21E4FA430078380B /* Build configuration list for PBXProject "CTC" */ = {
			isa = XCConfigurationList;
			buildConfigurations = (
				E189D69521E4FA450078380B /* Debug */,
				E189D69621E4FA450078380B /* Release */,
			);
			defaultConfigurationIsVisible = 0;
			defaultConfigurationName = Release;
		};
		E189D69721E4FA450078380B /* Build configuration list for PBXNativeTarget "CTC" */ = {
			isa = XCConfigurationList;
			buildConfigurations = (
				E189D69821E4FA450078380B /* Debug */,
				E189D69921E4FA450078380B /* Release */,
			);
			defaultConfigurationIsVisible = 0;
			defaultConfigurationName = Release;
		};
/* End XCConfigurationList section */

/* Begin XCRemoteSwiftPackageReference section */
		1A62B81D26658BF60025D92C /* XCRemoteSwiftPackageReference "IQKeyboardManager" */ = {
			isa = XCRemoteSwiftPackageReference;
			repositoryURL = "https://github.com/hackiftekhar/IQKeyboardManager.git";
			requirement = {
				kind = upToNextMajorVersion;
				minimumVersion = 6.5.6;
			};
		};
/* End XCRemoteSwiftPackageReference section */

/* Begin XCSwiftPackageProductDependency section */
		1A62B81E26658BF60025D92C /* IQKeyboardManagerSwift */ = {
			isa = XCSwiftPackageProductDependency;
			package = 1A62B81D26658BF60025D92C /* XCRemoteSwiftPackageReference "IQKeyboardManager" */;
			productName = IQKeyboardManagerSwift;
		};
/* End XCSwiftPackageProductDependency section */

/* Begin XCVersionGroup section */
		E189D68C21E4FA430078380B /* CTC.xcdatamodeld */ = {
			isa = XCVersionGroup;
			children = (
				E189D68D21E4FA430078380B /* CTC.xcdatamodel */,
			);
			currentVersion = E189D68D21E4FA430078380B /* CTC.xcdatamodel */;
			path = CTC.xcdatamodeld;
			sourceTree = "<group>";
			versionGroupType = wrapper.xcdatamodel;
		};
/* End XCVersionGroup section */
	};
	rootObject = E189D67A21E4FA430078380B /* Project object */;
}
